
Microsoft Visual Studio Solution File, Format Version 12.00
# Visual Studio 15
VisualStudioVersion = 15.0.27703.2026
MinimumVisualStudioVersion = 10.0.40219.1
Project("{9A19103F-16F7-4668-BE54-9A1E7A4F7556}") = "TheEliteExplorer", "TheEliteExplorer\TheEliteExplorer.csproj", "{D34B1B81-31B0-4B00-A6F9-4A25AABD2B7A}"
EndProject
Project("{9A19103F-16F7-4668-BE54-9A1E7A4F7556}") = "TheEliteExplorerDomain", "TheEliteExplorerDomain\TheEliteExplorerDomain.csproj", "{EB6495DC-40A2-481A-B12A-CBF2CC31451C}"
EndProject
Project("{9A19103F-16F7-4668-BE54-9A1E7A4F7556}") = "TheEliteExplorerInfrastructure", "TheEliteExplorerInfrastructure\TheEliteExplorerInfrastructure.csproj", "{8D07F2AF-C798-4EA7-843F-E0366F41FAF9}"
EndProject
Project("{9A19103F-16F7-4668-BE54-9A1E7A4F7556}") = "TheEliteExplorerCommon", "TheEliteExplorerCommon\TheEliteExplorerCommon.csproj", "{5C651C2D-E959-46DE-86AB-F589DD196F46}"
EndProject
Project("{FAE04EC0-301F-11D3-BF4B-00C04F79EFBC}") = "TheEliteExplorerUi", "TheEliteExplorerUi\TheEliteExplorerUi.csproj", "{A78FA6F7-AAB5-41D3-A526-A78CABD1690E}"
EndProject
Global
	GlobalSection(SolutionConfigurationPlatforms) = preSolution
		Debug|Any CPU = Debug|Any CPU
		Release|Any CPU = Release|Any CPU
	EndGlobalSection
	GlobalSection(ProjectConfigurationPlatforms) = postSolution
		{D34B1B81-31B0-4B00-A6F9-4A25AABD2B7A}.Debug|Any CPU.ActiveCfg = Debug|Any CPU
		{D34B1B81-31B0-4B00-A6F9-4A25AABD2B7A}.Debug|Any CPU.Build.0 = Debug|Any CPU
		{D34B1B81-31B0-4B00-A6F9-4A25AABD2B7A}.Release|Any CPU.ActiveCfg = Release|Any CPU
		{D34B1B81-31B0-4B00-A6F9-4A25AABD2B7A}.Release|Any CPU.Build.0 = Release|Any CPU
		{EB6495DC-40A2-481A-B12A-CBF2CC31451C}.Debug|Any CPU.ActiveCfg = Debug|Any CPU
		{EB6495DC-40A2-481A-B12A-CBF2CC31451C}.Debug|Any CPU.Build.0 = Debug|Any CPU
		{EB6495DC-40A2-481A-B12A-CBF2CC31451C}.Release|Any CPU.ActiveCfg = Release|Any CPU
		{EB6495DC-40A2-481A-B12A-CBF2CC31451C}.Release|Any CPU.Build.0 = Release|Any CPU
		{8D07F2AF-C798-4EA7-843F-E0366F41FAF9}.Debug|Any CPU.ActiveCfg = Debug|Any CPU
		{8D07F2AF-C798-4EA7-843F-E0366F41FAF9}.Debug|Any CPU.Build.0 = Debug|Any CPU
		{8D07F2AF-C798-4EA7-843F-E0366F41FAF9}.Release|Any CPU.ActiveCfg = Release|Any CPU
		{8D07F2AF-C798-4EA7-843F-E0366F41FAF9}.Release|Any CPU.Build.0 = Release|Any CPU
		{5C651C2D-E959-46DE-86AB-F589DD196F46}.Debug|Any CPU.ActiveCfg = Debug|Any CPU
		{5C651C2D-E959-46DE-86AB-F589DD196F46}.Debug|Any CPU.Build.0 = Debug|Any CPU
		{5C651C2D-E959-46DE-86AB-F589DD196F46}.Release|Any CPU.ActiveCfg = Release|Any CPU
		{5C651C2D-E959-46DE-86AB-F589DD196F46}.Release|Any CPU.Build.0 = Release|Any CPU
		{A78FA6F7-AAB5-41D3-A526-A78CABD1690E}.Debug|Any CPU.ActiveCfg = Debug|Any CPU
		{A78FA6F7-AAB5-41D3-A526-A78CABD1690E}.Debug|Any CPU.Build.0 = Debug|Any CPU
		{A78FA6F7-AAB5-41D3-A526-A78CABD1690E}.Release|Any CPU.ActiveCfg = Release|Any CPU
		{A78FA6F7-AAB5-41D3-A526-A78CABD1690E}.Release|Any CPU.Build.0 = Release|Any CPU
	EndGlobalSection
	GlobalSection(SolutionProperties) = preSolution
		HideSolutionNode = FALSE
	EndGlobalSection
	GlobalSection(ExtensibilityGlobals) = postSolution
		SolutionGuid = {5FACDDD5-B81E-4D95-93DA-B2534BD04756}
	EndGlobalSection
EndGlobal
