
Microsoft Visual Studio Solution File, Format Version 12.00
# Visual Studio 15
VisualStudioVersion = 15.0.27703.2026
MinimumVisualStudioVersion = 10.0.40219.1
Project("{FAE04EC0-301F-11D3-BF4B-00C04F79EFBC}") = "TheEliteExplorer", "TheEliteExplorer\TheEliteExplorer.csproj", "{D34B1B81-31B0-4B00-A6F9-4A25AABD2B7A}"
EndProject
Global
	GlobalSection(SolutionConfigurationPlatforms) = preSolution
		Debug|Any CPU = Debug|Any CPU
		Release|Any CPU = Release|Any CPU
	EndGlobalSection
	GlobalSection(ProjectConfigurationPlatforms) = postSolution
		{D34B1B81-31B0-4B00-A6F9-4A25AABD2B7A}.Debug|Any CPU.ActiveCfg = Debug|Any CPU
		{D34B1B81-31B0-4B00-A6F9-4A25AABD2B7A}.Debug|Any CPU.Build.0 = Debug|Any CPU
		{D34B1B81-31B0-4B00-A6F9-4A25AABD2B7A}.Release|Any CPU.ActiveCfg = Release|Any CPU
		{D34B1B81-31B0-4B00-A6F9-4A25AABD2B7A}.Release|Any CPU.Build.0 = Release|Any CPU
	EndGlobalSection
	GlobalSection(SolutionProperties) = preSolution
		HideSolutionNode = FALSE
	EndGlobalSection
	GlobalSection(ExtensibilityGlobals) = postSolution
		SolutionGuid = {5FACDDD5-B81E-4D95-93DA-B2534BD04756}
	EndGlobalSection
EndGlobal
